<Solution>
  <Folder Name="/src/">
    <Project Path="src/PgTestify.EfCore/PgTestify.EfCore.csproj" />
    <Project Path="src/PgTestify.TUnit/PgTestify.TUnit.csproj" />
    <Project Path="src/PgTestify/PgTestify.csproj" />
  </Folder>
  <Folder Name="/tests/">
    <Project Path="tests/PgTestify.IntegrationTests/PgTestify.IntegrationTests.csproj" />
  </Folder>
</Solution>
